
Microsoft Visual Studio Solution File, Format Version 12.00
# Visual Studio 15
VisualStudioVersion = 15.0.27428.2037
MinimumVisualStudioVersion = 10.0.40219.1
Project("{FAE04EC0-301F-11D3-BF4B-00C04F79EFBC}") = "EasyTripBalInq", "EasyTripBalInq\EasyTripBalInq.csproj", "{3167E678-58F5-4DA1-9191-7518B66BEC0E}"
EndProject
Global
	GlobalSection(SolutionConfigurationPlatforms) = preSolution
		Debug|Any CPU = Debug|Any CPU
		Release|Any CPU = Release|Any CPU
	EndGlobalSection
	GlobalSection(ProjectConfigurationPlatforms) = postSolution
		{3167E678-58F5-4DA1-9191-7518B66BEC0E}.Debug|Any CPU.ActiveCfg = Debug|Any CPU
		{3167E678-58F5-4DA1-9191-7518B66BEC0E}.Debug|Any CPU.Build.0 = Debug|Any CPU
		{3167E678-58F5-4DA1-9191-7518B66BEC0E}.Release|Any CPU.ActiveCfg = Release|Any CPU
		{3167E678-58F5-4DA1-9191-7518B66BEC0E}.Release|Any CPU.Build.0 = Release|Any CPU
	EndGlobalSection
	GlobalSection(SolutionProperties) = preSolution
		HideSolutionNode = FALSE
	EndGlobalSection
	GlobalSection(ExtensibilityGlobals) = postSolution
		SolutionGuid = {E02BDD9D-79C1-43E5-A1DA-5C615E9D0349}
	EndGlobalSection
EndGlobal
